{
  "name": "24-hr-video",
  "version": "1.0.0",
  "lockfileVersion": 1,
  "dependencies": {
    "ramda": {
      "version": "0.24.1",
      "resolved": "https://registry.npmjs.org/ramda/-/ramda-0.24.1.tgz",
      "integrity": "sha1-w7d1UZfzW43DUCIoJixMkd22uFc="
    },
    "run-local-lambda": {
      "version": "1.1.1",
      "resolved": "https://registry.npmjs.org/run-local-lambda/-/run-local-lambda-1.1.1.tgz",
      "integrity": "sha1-mUgjD1eGwXveIAsZ+wSOzNi43EM=",
      "dev": true
    },
    "rxjs": {
      "version": "5.4.3",
      "resolved": "https://registry.npmjs.org/rxjs/-/rxjs-5.4.3.tgz",
      "integrity": "sha512-fSNi+y+P9ss+EZuV0GcIIqPUK07DEaMRUtLJvdcvMyFjc9dizuDjere+A4V7JrLGnm9iCc+nagV/4QdMTkqC4A=="
    },
    "symbol-observable": {
      "version": "1.0.4",
      "resolved": "https://registry.npmjs.org/symbol-observable/-/symbol-observable-1.0.4.tgz",
      "integrity": "sha1-Kb9hXUqnEhvdiYsi1LP5vE4qoD0="
    }
  }
}
